
Microsoft Visual Studio Solution File, Format Version 12.00
# Visual Studio Version 16
VisualStudioVersion = 16.0.30011.22
MinimumVisualStudioVersion = 10.0.40219.1
Project("{FAE04EC0-301F-11D3-BF4B-00C04F79EFBC}") = "Web", "Web\Web.csproj", "{B6CB7CD3-EBA8-49A8-A56E-C5ABC2EA1BC2}"
EndProject
Project("{FAE04EC0-301F-11D3-BF4B-00C04F79EFBC}") = "Core", "Core\Core.csproj", "{89AEC133-E506-43A8-900B-99396F8E952F}"
EndProject
Project("{FAE04EC0-301F-11D3-BF4B-00C04F79EFBC}") = "Infrastructure", "Infrastructure\Infrastructure.csproj", "{37097BE1-F96A-48E9-913F-48B776B8EE31}"
EndProject
Project("{2150E333-8FDC-42A3-9474-1A3956D46DE8}") = "Solution Items", "Solution Items", "{57F9BD17-CFA2-4B50-A7D2-4DD61831E91F}"
	ProjectSection(SolutionItems) = preProject
		.editorconfig = .editorconfig
	EndProjectSection
EndProject
Global
	GlobalSection(SolutionConfigurationPlatforms) = preSolution
		Debug|Any CPU = Debug|Any CPU
		Release|Any CPU = Release|Any CPU
	EndGlobalSection
	GlobalSection(ProjectConfigurationPlatforms) = postSolution
		{B6CB7CD3-EBA8-49A8-A56E-C5ABC2EA1BC2}.Debug|Any CPU.ActiveCfg = Debug|Any CPU
		{B6CB7CD3-EBA8-49A8-A56E-C5ABC2EA1BC2}.Debug|Any CPU.Build.0 = Debug|Any CPU
		{B6CB7CD3-EBA8-49A8-A56E-C5ABC2EA1BC2}.Release|Any CPU.ActiveCfg = Release|Any CPU
		{B6CB7CD3-EBA8-49A8-A56E-C5ABC2EA1BC2}.Release|Any CPU.Build.0 = Release|Any CPU
		{89AEC133-E506-43A8-900B-99396F8E952F}.Debug|Any CPU.ActiveCfg = Debug|Any CPU
		{89AEC133-E506-43A8-900B-99396F8E952F}.Debug|Any CPU.Build.0 = Debug|Any CPU
		{89AEC133-E506-43A8-900B-99396F8E952F}.Release|Any CPU.ActiveCfg = Release|Any CPU
		{89AEC133-E506-43A8-900B-99396F8E952F}.Release|Any CPU.Build.0 = Release|Any CPU
		{37097BE1-F96A-48E9-913F-48B776B8EE31}.Debug|Any CPU.ActiveCfg = Debug|Any CPU
		{37097BE1-F96A-48E9-913F-48B776B8EE31}.Debug|Any CPU.Build.0 = Debug|Any CPU
		{37097BE1-F96A-48E9-913F-48B776B8EE31}.Release|Any CPU.ActiveCfg = Release|Any CPU
		{37097BE1-F96A-48E9-913F-48B776B8EE31}.Release|Any CPU.Build.0 = Release|Any CPU
	EndGlobalSection
	GlobalSection(SolutionProperties) = preSolution
		HideSolutionNode = FALSE
	EndGlobalSection
	GlobalSection(ExtensibilityGlobals) = postSolution
		SolutionGuid = {BA033BD6-AC49-4D91-8143-DE605C9ECD41}
	EndGlobalSection
EndGlobal
